
Microsoft Visual Studio Solution File, Format Version 12.00
# Visual Studio 15
VisualStudioVersion = 15.0.26430.12
MinimumVisualStudioVersion = 10.0.40219.1
Project("{FAE04EC0-301F-11D3-BF4B-00C04F79EFBC}") = "BookClient", "BookClient\BookClient\BookClient.csproj", "{CEA5FB5E-2358-40DF-954E-8CCF7278B00A}"
EndProject
Project("{FAE04EC0-301F-11D3-BF4B-00C04F79EFBC}") = "BookClient.iOS", "BookClient\BookClient.iOS\BookClient.iOS.csproj", "{7CCA3B84-5CF8-4091-9793-52DE29944DD3}"
EndProject
Project("{FAE04EC0-301F-11D3-BF4B-00C04F79EFBC}") = "BookClient.Droid", "BookClient\BookClient.Droid\BookClient.Droid.csproj", "{D310EFB5-82B6-4128-ACB2-7BCFFDCB2821}"
EndProject
Project("{FAE04EC0-301F-11D3-BF4B-00C04F79EFBC}") = "BookClient.UWP", "BookClient\BookClient.UWP\BookClient.UWP.csproj", "{A44982F7-B848-42B7-88D4-DDB853305245}"
EndProject
Global
	GlobalSection(SolutionConfigurationPlatforms) = preSolution
		Ad-Hoc|Any CPU = Ad-Hoc|Any CPU
		Ad-Hoc|ARM = Ad-Hoc|ARM
		Ad-Hoc|iPhone = Ad-Hoc|iPhone
		Ad-Hoc|iPhoneSimulator = Ad-Hoc|iPhoneSimulator
		Ad-Hoc|x86 = Ad-Hoc|x86
		AppStore|Any CPU = AppStore|Any CPU
		AppStore|ARM = AppStore|ARM
		AppStore|iPhone = AppStore|iPhone
		AppStore|iPhoneSimulator = AppStore|iPhoneSimulator
		AppStore|x86 = AppStore|x86
		Debug|Any CPU = Debug|Any CPU
		Debug|ARM = Debug|ARM
		Debug|iPhone = Debug|iPhone
		Debug|iPhoneSimulator = Debug|iPhoneSimulator
		Debug|x86 = Debug|x86
		Release|Any CPU = Release|Any CPU
		Release|ARM = Release|ARM
		Release|iPhone = Release|iPhone
		Release|iPhoneSimulator = Release|iPhoneSimulator
		Release|x86 = Release|x86
	EndGlobalSection
	GlobalSection(ProjectConfigurationPlatforms) = postSolution
		{CEA5FB5E-2358-40DF-954E-8CCF7278B00A}.Ad-Hoc|Any CPU.ActiveCfg = Release|Any CPU
		{CEA5FB5E-2358-40DF-954E-8CCF7278B00A}.Ad-Hoc|Any CPU.Build.0 = Release|Any CPU
		{CEA5FB5E-2358-40DF-954E-8CCF7278B00A}.Ad-Hoc|ARM.ActiveCfg = Release|Any CPU
		{CEA5FB5E-2358-40DF-954E-8CCF7278B00A}.Ad-Hoc|ARM.Build.0 = Release|Any CPU
		{CEA5FB5E-2358-40DF-954E-8CCF7278B00A}.Ad-Hoc|iPhone.ActiveCfg = Release|Any CPU
		{CEA5FB5E-2358-40DF-954E-8CCF7278B00A}.Ad-Hoc|iPhone.Build.0 = Release|Any CPU
		{CEA5FB5E-2358-40DF-954E-8CCF7278B00A}.Ad-Hoc|iPhoneSimulator.ActiveCfg = Release|Any CPU
		{CEA5FB5E-2358-40DF-954E-8CCF7278B00A}.Ad-Hoc|iPhoneSimulator.Build.0 = Release|Any CPU
		{CEA5FB5E-2358-40DF-954E-8CCF7278B00A}.Ad-Hoc|x86.ActiveCfg = Release|Any CPU
		{CEA5FB5E-2358-40DF-954E-8CCF7278B00A}.Ad-Hoc|x86.Build.0 = Release|Any CPU
		{CEA5FB5E-2358-40DF-954E-8CCF7278B00A}.AppStore|Any CPU.ActiveCfg = Release|Any CPU
		{CEA5FB5E-2358-40DF-954E-8CCF7278B00A}.AppStore|Any CPU.Build.0 = Release|Any CPU
		{CEA5FB5E-2358-40DF-954E-8CCF7278B00A}.AppStore|ARM.ActiveCfg = Release|Any CPU
		{CEA5FB5E-2358-40DF-954E-8CCF7278B00A}.AppStore|ARM.Build.0 = Release|Any CPU
		{CEA5FB5E-2358-40DF-954E-8CCF7278B00A}.AppStore|iPhone.ActiveCfg = Release|Any CPU
		{CEA5FB5E-2358-40DF-954E-8CCF7278B00A}.AppStore|iPhone.Build.0 = Release|Any CPU
		{CEA5FB5E-2358-40DF-954E-8CCF7278B00A}.AppStore|iPhoneSimulator.ActiveCfg = Release|Any CPU
		{CEA5FB5E-2358-40DF-954E-8CCF7278B00A}.AppStore|iPhoneSimulator.Build.0 = Release|Any CPU
		{CEA5FB5E-2358-40DF-954E-8CCF7278B00A}.AppStore|x86.ActiveCfg = Release|Any CPU
		{CEA5FB5E-2358-40DF-954E-8CCF7278B00A}.AppStore|x86.Build.0 = Release|Any CPU
		{CEA5FB5E-2358-40DF-954E-8CCF7278B00A}.Debug|Any CPU.ActiveCfg = Debug|Any CPU
		{CEA5FB5E-2358-40DF-954E-8CCF7278B00A}.Debug|Any CPU.Build.0 = Debug|Any CPU
		{CEA5FB5E-2358-40DF-954E-8CCF7278B00A}.Debug|ARM.ActiveCfg = Debug|Any CPU
		{CEA5FB5E-2358-40DF-954E-8CCF7278B00A}.Debug|ARM.Build.0 = Debug|Any CPU
		{CEA5FB5E-2358-40DF-954E-8CCF7278B00A}.Debug|iPhone.ActiveCfg = Debug|Any CPU
		{CEA5FB5E-2358-40DF-954E-8CCF7278B00A}.Debug|iPhone.Build.0 = Debug|Any CPU
		{CEA5FB5E-2358-40DF-954E-8CCF7278B00A}.Debug|iPhoneSimulator.ActiveCfg = Debug|Any CPU
		{CEA5FB5E-2358-40DF-954E-8CCF7278B00A}.Debug|iPhoneSimulator.Build.0 = Debug|Any CPU
		{CEA5FB5E-2358-40DF-954E-8CCF7278B00A}.Debug|x86.ActiveCfg = Debug|Any CPU
		{CEA5FB5E-2358-40DF-954E-8CCF7278B00A}.Debug|x86.Build.0 = Debug|Any CPU
		{CEA5FB5E-2358-40DF-954E-8CCF7278B00A}.Release|Any CPU.ActiveCfg = Release|Any CPU
		{CEA5FB5E-2358-40DF-954E-8CCF7278B00A}.Release|Any CPU.Build.0 = Release|Any CPU
		{CEA5FB5E-2358-40DF-954E-8CCF7278B00A}.Release|ARM.ActiveCfg = Release|Any CPU
		{CEA5FB5E-2358-40DF-954E-8CCF7278B00A}.Release|ARM.Build.0 = Release|Any CPU
		{CEA5FB5E-2358-40DF-954E-8CCF7278B00A}.Release|iPhone.ActiveCfg = Release|Any CPU
		{CEA5FB5E-2358-40DF-954E-8CCF7278B00A}.Release|iPhone.Build.0 = Release|Any CPU
		{CEA5FB5E-2358-40DF-954E-8CCF7278B00A}.Release|iPhoneSimulator.ActiveCfg = Release|Any CPU
		{CEA5FB5E-2358-40DF-954E-8CCF7278B00A}.Release|iPhoneSimulator.Build.0 = Release|Any CPU
		{CEA5FB5E-2358-40DF-954E-8CCF7278B00A}.Release|x86.ActiveCfg = Release|Any CPU
		{CEA5FB5E-2358-40DF-954E-8CCF7278B00A}.Release|x86.Build.0 = Release|Any CPU
		{7CCA3B84-5CF8-4091-9793-52DE29944DD3}.Ad-Hoc|Any CPU.ActiveCfg = Ad-Hoc|iPhone
		{7CCA3B84-5CF8-4091-9793-52DE29944DD3}.Ad-Hoc|Any CPU.Build.0 = Ad-Hoc|iPhone
		{7CCA3B84-5CF8-4091-9793-52DE29944DD3}.Ad-Hoc|ARM.ActiveCfg = Ad-Hoc|iPhone
		{7CCA3B84-5CF8-4091-9793-52DE29944DD3}.Ad-Hoc|iPhone.ActiveCfg = Ad-Hoc|iPhone
		{7CCA3B84-5CF8-4091-9793-52DE29944DD3}.Ad-Hoc|iPhone.Build.0 = Ad-Hoc|iPhone
		{7CCA3B84-5CF8-4091-9793-52DE29944DD3}.Ad-Hoc|iPhoneSimulator.ActiveCfg = Ad-Hoc|iPhoneSimulator
		{7CCA3B84-5CF8-4091-9793-52DE29944DD3}.Ad-Hoc|iPhoneSimulator.Build.0 = Ad-Hoc|iPhoneSimulator
		{7CCA3B84-5CF8-4091-9793-52DE29944DD3}.Ad-Hoc|x86.ActiveCfg = Ad-Hoc|iPhone
		{7CCA3B84-5CF8-4091-9793-52DE29944DD3}.AppStore|Any CPU.ActiveCfg = AppStore|iPhone
		{7CCA3B84-5CF8-4091-9793-52DE29944DD3}.AppStore|Any CPU.Build.0 = AppStore|iPhone
		{7CCA3B84-5CF8-4091-9793-52DE29944DD3}.AppStore|ARM.ActiveCfg = AppStore|iPhone
		{7CCA3B84-5CF8-4091-9793-52DE29944DD3}.AppStore|iPhone.ActiveCfg = AppStore|iPhone
		{7CCA3B84-5CF8-4091-9793-52DE29944DD3}.AppStore|iPhone.Build.0 = AppStore|iPhone
		{7CCA3B84-5CF8-4091-9793-52DE29944DD3}.AppStore|iPhoneSimulator.ActiveCfg = AppStore|iPhoneSimulator
		{7CCA3B84-5CF8-4091-9793-52DE29944DD3}.AppStore|iPhoneSimulator.Build.0 = AppStore|iPhoneSimulator
		{7CCA3B84-5CF8-4091-9793-52DE29944DD3}.AppStore|x86.ActiveCfg = AppStore|iPhone
		{7CCA3B84-5CF8-4091-9793-52DE29944DD3}.Debug|Any CPU.ActiveCfg = Debug|iPhoneSimulator
		{7CCA3B84-5CF8-4091-9793-52DE29944DD3}.Debug|Any CPU.Build.0 = Debug|iPhoneSimulator
		{7CCA3B84-5CF8-4091-9793-52DE29944DD3}.Debug|ARM.ActiveCfg = Debug|iPhone
		{7CCA3B84-5CF8-4091-9793-52DE29944DD3}.Debug|iPhone.ActiveCfg = Debug|iPhone
		{7CCA3B84-5CF8-4091-9793-52DE29944DD3}.Debug|iPhone.Build.0 = Debug|iPhone
		{7CCA3B84-5CF8-4091-9793-52DE29944DD3}.Debug|iPhoneSimulator.ActiveCfg = Debug|iPhoneSimulator
		{7CCA3B84-5CF8-4091-9793-52DE29944DD3}.Debug|iPhoneSimulator.Build.0 = Debug|iPhoneSimulator
		{7CCA3B84-5CF8-4091-9793-52DE29944DD3}.Debug|x86.ActiveCfg = Debug|iPhone
		{7CCA3B84-5CF8-4091-9793-52DE29944DD3}.Release|Any CPU.ActiveCfg = Release|iPhone
		{7CCA3B84-5CF8-4091-9793-52DE29944DD3}.Release|Any CPU.Build.0 = Release|iPhone
		{7CCA3B84-5CF8-4091-9793-52DE29944DD3}.Release|ARM.ActiveCfg = Release|iPhone
		{7CCA3B84-5CF8-4091-9793-52DE29944DD3}.Release|iPhone.ActiveCfg = Release|iPhone
		{7CCA3B84-5CF8-4091-9793-52DE29944DD3}.Release|iPhone.Build.0 = Release|iPhone
		{7CCA3B84-5CF8-4091-9793-52DE29944DD3}.Release|iPhoneSimulator.ActiveCfg = Release|iPhoneSimulator
		{7CCA3B84-5CF8-4091-9793-52DE29944DD3}.Release|iPhoneSimulator.Build.0 = Release|iPhoneSimulator
		{7CCA3B84-5CF8-4091-9793-52DE29944DD3}.Release|x86.ActiveCfg = Release|iPhone
		{D310EFB5-82B6-4128-ACB2-7BCFFDCB2821}.Ad-Hoc|Any CPU.ActiveCfg = Release|Any CPU
		{D310EFB5-82B6-4128-ACB2-7BCFFDCB2821}.Ad-Hoc|Any CPU.Build.0 = Release|Any CPU
		{D310EFB5-82B6-4128-ACB2-7BCFFDCB2821}.Ad-Hoc|Any CPU.Deploy.0 = Release|Any CPU
		{D310EFB5-82B6-4128-ACB2-7BCFFDCB2821}.Ad-Hoc|ARM.ActiveCfg = Release|Any CPU
		{D310EFB5-82B6-4128-ACB2-7BCFFDCB2821}.Ad-Hoc|ARM.Build.0 = Release|Any CPU
		{D310EFB5-82B6-4128-ACB2-7BCFFDCB2821}.Ad-Hoc|ARM.Deploy.0 = Release|Any CPU
		{D310EFB5-82B6-4128-ACB2-7BCFFDCB2821}.Ad-Hoc|iPhone.ActiveCfg = Release|Any CPU
		{D310EFB5-82B6-4128-ACB2-7BCFFDCB2821}.Ad-Hoc|iPhone.Build.0 = Release|Any CPU
		{D310EFB5-82B6-4128-ACB2-7BCFFDCB2821}.Ad-Hoc|iPhone.Deploy.0 = Release|Any CPU
		{D310EFB5-82B6-4128-ACB2-7BCFFDCB2821}.Ad-Hoc|iPhoneSimulator.ActiveCfg = Release|Any CPU
		{D310EFB5-82B6-4128-ACB2-7BCFFDCB2821}.Ad-Hoc|iPhoneSimulator.Build.0 = Release|Any CPU
		{D310EFB5-82B6-4128-ACB2-7BCFFDCB2821}.Ad-Hoc|iPhoneSimulator.Deploy.0 = Release|Any CPU
		{D310EFB5-82B6-4128-ACB2-7BCFFDCB2821}.Ad-Hoc|x86.ActiveCfg = Release|Any CPU
		{D310EFB5-82B6-4128-ACB2-7BCFFDCB2821}.Ad-Hoc|x86.Build.0 = Release|Any CPU
		{D310EFB5-82B6-4128-ACB2-7BCFFDCB2821}.Ad-Hoc|x86.Deploy.0 = Release|Any CPU
		{D310EFB5-82B6-4128-ACB2-7BCFFDCB2821}.AppStore|Any CPU.ActiveCfg = Release|Any CPU
		{D310EFB5-82B6-4128-ACB2-7BCFFDCB2821}.AppStore|Any CPU.Build.0 = Release|Any CPU
		{D310EFB5-82B6-4128-ACB2-7BCFFDCB2821}.AppStore|Any CPU.Deploy.0 = Release|Any CPU
		{D310EFB5-82B6-4128-ACB2-7BCFFDCB2821}.AppStore|ARM.ActiveCfg = Release|Any CPU
		{D310EFB5-82B6-4128-ACB2-7BCFFDCB2821}.AppStore|ARM.Build.0 = Release|Any CPU
		{D310EFB5-82B6-4128-ACB2-7BCFFDCB2821}.AppStore|ARM.Deploy.0 = Release|Any CPU
		{D310EFB5-82B6-4128-ACB2-7BCFFDCB2821}.AppStore|iPhone.ActiveCfg = Release|Any CPU
		{D310EFB5-82B6-4128-ACB2-7BCFFDCB2821}.AppStore|iPhone.Build.0 = Release|Any CPU
		{D310EFB5-82B6-4128-ACB2-7BCFFDCB2821}.AppStore|iPhone.Deploy.0 = Release|Any CPU
		{D310EFB5-82B6-4128-ACB2-7BCFFDCB2821}.AppStore|iPhoneSimulator.ActiveCfg = Release|Any CPU
		{D310EFB5-82B6-4128-ACB2-7BCFFDCB2821}.AppStore|iPhoneSimulator.Build.0 = Release|Any CPU
		{D310EFB5-82B6-4128-ACB2-7BCFFDCB2821}.AppStore|iPhoneSimulator.Deploy.0 = Release|Any CPU
		{D310EFB5-82B6-4128-ACB2-7BCFFDCB2821}.AppStore|x86.ActiveCfg = Release|Any CPU
		{D310EFB5-82B6-4128-ACB2-7BCFFDCB2821}.AppStore|x86.Build.0 = Release|Any CPU
		{D310EFB5-82B6-4128-ACB2-7BCFFDCB2821}.AppStore|x86.Deploy.0 = Release|Any CPU
		{D310EFB5-82B6-4128-ACB2-7BCFFDCB2821}.Debug|Any CPU.ActiveCfg = Debug|Any CPU
		{D310EFB5-82B6-4128-ACB2-7BCFFDCB2821}.Debug|Any CPU.Build.0 = Debug|Any CPU
		{D310EFB5-82B6-4128-ACB2-7BCFFDCB2821}.Debug|Any CPU.Deploy.0 = Debug|Any CPU
		{D310EFB5-82B6-4128-ACB2-7BCFFDCB2821}.Debug|ARM.ActiveCfg = Debug|Any CPU
		{D310EFB5-82B6-4128-ACB2-7BCFFDCB2821}.Debug|ARM.Build.0 = Debug|Any CPU
		{D310EFB5-82B6-4128-ACB2-7BCFFDCB2821}.Debug|ARM.Deploy.0 = Debug|Any CPU
		{D310EFB5-82B6-4128-ACB2-7BCFFDCB2821}.Debug|iPhone.ActiveCfg = Debug|Any CPU
		{D310EFB5-82B6-4128-ACB2-7BCFFDCB2821}.Debug|iPhone.Build.0 = Debug|Any CPU
		{D310EFB5-82B6-4128-ACB2-7BCFFDCB2821}.Debug|iPhone.Deploy.0 = Debug|Any CPU
		{D310EFB5-82B6-4128-ACB2-7BCFFDCB2821}.Debug|iPhoneSimulator.ActiveCfg = Debug|Any CPU
		{D310EFB5-82B6-4128-ACB2-7BCFFDCB2821}.Debug|iPhoneSimulator.Build.0 = Debug|Any CPU
		{D310EFB5-82B6-4128-ACB2-7BCFFDCB2821}.Debug|iPhoneSimulator.Deploy.0 = Debug|Any CPU
		{D310EFB5-82B6-4128-ACB2-7BCFFDCB2821}.Debug|x86.ActiveCfg = Debug|Any CPU
		{D310EFB5-82B6-4128-ACB2-7BCFFDCB2821}.Debug|x86.Build.0 = Debug|Any CPU
		{D310EFB5-82B6-4128-ACB2-7BCFFDCB2821}.Debug|x86.Deploy.0 = Debug|Any CPU
		{D310EFB5-82B6-4128-ACB2-7BCFFDCB2821}.Release|Any CPU.ActiveCfg = Release|Any CPU
		{D310EFB5-82B6-4128-ACB2-7BCFFDCB2821}.Release|Any CPU.Build.0 = Release|Any CPU
		{D310EFB5-82B6-4128-ACB2-7BCFFDCB2821}.Release|Any CPU.Deploy.0 = Release|Any CPU
		{D310EFB5-82B6-4128-ACB2-7BCFFDCB2821}.Release|ARM.ActiveCfg = Release|Any CPU
		{D310EFB5-82B6-4128-ACB2-7BCFFDCB2821}.Release|ARM.Build.0 = Release|Any CPU
		{D310EFB5-82B6-4128-ACB2-7BCFFDCB2821}.Release|ARM.Deploy.0 = Release|Any CPU
		{D310EFB5-82B6-4128-ACB2-7BCFFDCB2821}.Release|iPhone.ActiveCfg = Release|Any CPU
		{D310EFB5-82B6-4128-ACB2-7BCFFDCB2821}.Release|iPhone.Build.0 = Release|Any CPU
		{D310EFB5-82B6-4128-ACB2-7BCFFDCB2821}.Release|iPhone.Deploy.0 = Release|Any CPU
		{D310EFB5-82B6-4128-ACB2-7BCFFDCB2821}.Release|iPhoneSimulator.ActiveCfg = Release|Any CPU
		{D310EFB5-82B6-4128-ACB2-7BCFFDCB2821}.Release|iPhoneSimulator.Build.0 = Release|Any CPU
		{D310EFB5-82B6-4128-ACB2-7BCFFDCB2821}.Release|iPhoneSimulator.Deploy.0 = Release|Any CPU
		{D310EFB5-82B6-4128-ACB2-7BCFFDCB2821}.Release|x86.ActiveCfg = Release|Any CPU
		{D310EFB5-82B6-4128-ACB2-7BCFFDCB2821}.Release|x86.Build.0 = Release|Any CPU
		{D310EFB5-82B6-4128-ACB2-7BCFFDCB2821}.Release|x86.Deploy.0 = Release|Any CPU
		{A44982F7-B848-42B7-88D4-DDB853305245}.Ad-Hoc|Any CPU.ActiveCfg = Release|x86
		{A44982F7-B848-42B7-88D4-DDB853305245}.Ad-Hoc|Any CPU.Build.0 = Release|x86
		{A44982F7-B848-42B7-88D4-DDB853305245}.Ad-Hoc|Any CPU.Deploy.0 = Release|x86
		{A44982F7-B848-42B7-88D4-DDB853305245}.Ad-Hoc|ARM.ActiveCfg = Release|ARM
		{A44982F7-B848-42B7-88D4-DDB853305245}.Ad-Hoc|ARM.Build.0 = Release|ARM
		{A44982F7-B848-42B7-88D4-DDB853305245}.Ad-Hoc|ARM.Deploy.0 = Release|ARM
		{A44982F7-B848-42B7-88D4-DDB853305245}.Ad-Hoc|iPhone.ActiveCfg = Release|x86
		{A44982F7-B848-42B7-88D4-DDB853305245}.Ad-Hoc|iPhone.Build.0 = Release|x86
		{A44982F7-B848-42B7-88D4-DDB853305245}.Ad-Hoc|iPhone.Deploy.0 = Release|x86
		{A44982F7-B848-42B7-88D4-DDB853305245}.Ad-Hoc|iPhoneSimulator.ActiveCfg = Release|x86
		{A44982F7-B848-42B7-88D4-DDB853305245}.Ad-Hoc|iPhoneSimulator.Build.0 = Release|x86
		{A44982F7-B848-42B7-88D4-DDB853305245}.Ad-Hoc|iPhoneSimulator.Deploy.0 = Release|x86
		{A44982F7-B848-42B7-88D4-DDB853305245}.Ad-Hoc|x86.ActiveCfg = Release|x86
		{A44982F7-B848-42B7-88D4-DDB853305245}.Ad-Hoc|x86.Build.0 = Release|x86
		{A44982F7-B848-42B7-88D4-DDB853305245}.Ad-Hoc|x86.Deploy.0 = Release|x86
		{A44982F7-B848-42B7-88D4-DDB853305245}.AppStore|Any CPU.ActiveCfg = Release|x86
		{A44982F7-B848-42B7-88D4-DDB853305245}.AppStore|Any CPU.Build.0 = Release|x86
		{A44982F7-B848-42B7-88D4-DDB853305245}.AppStore|Any CPU.Deploy.0 = Release|x86
		{A44982F7-B848-42B7-88D4-DDB853305245}.AppStore|ARM.ActiveCfg = Release|ARM
		{A44982F7-B848-42B7-88D4-DDB853305245}.AppStore|ARM.Build.0 = Release|ARM
		{A44982F7-B848-42B7-88D4-DDB853305245}.AppStore|ARM.Deploy.0 = Release|ARM
		{A44982F7-B848-42B7-88D4-DDB853305245}.AppStore|iPhone.ActiveCfg = Release|x86
		{A44982F7-B848-42B7-88D4-DDB853305245}.AppStore|iPhone.Build.0 = Release|x86
		{A44982F7-B848-42B7-88D4-DDB853305245}.AppStore|iPhone.Deploy.0 = Release|x86
		{A44982F7-B848-42B7-88D4-DDB853305245}.AppStore|iPhoneSimulator.ActiveCfg = Release|x86
		{A44982F7-B848-42B7-88D4-DDB853305245}.AppStore|iPhoneSimulator.Build.0 = Release|x86
		{A44982F7-B848-42B7-88D4-DDB853305245}.AppStore|iPhoneSimulator.Deploy.0 = Release|x86
		{A44982F7-B848-42B7-88D4-DDB853305245}.AppStore|x86.ActiveCfg = Release|x86
		{A44982F7-B848-42B7-88D4-DDB853305245}.AppStore|x86.Build.0 = Release|x86
		{A44982F7-B848-42B7-88D4-DDB853305245}.AppStore|x86.Deploy.0 = Release|x86
		{A44982F7-B848-42B7-88D4-DDB853305245}.Debug|Any CPU.ActiveCfg = Debug|x86
		{A44982F7-B848-42B7-88D4-DDB853305245}.Debug|Any CPU.Build.0 = Debug|x86
		{A44982F7-B848-42B7-88D4-DDB853305245}.Debug|Any CPU.Deploy.0 = Debug|x86
		{A44982F7-B848-42B7-88D4-DDB853305245}.Debug|ARM.ActiveCfg = Debug|ARM
		{A44982F7-B848-42B7-88D4-DDB853305245}.Debug|ARM.Build.0 = Debug|ARM
		{A44982F7-B848-42B7-88D4-DDB853305245}.Debug|ARM.Deploy.0 = Debug|ARM
		{A44982F7-B848-42B7-88D4-DDB853305245}.Debug|iPhone.ActiveCfg = Debug|x86
		{A44982F7-B848-42B7-88D4-DDB853305245}.Debug|iPhone.Build.0 = Debug|x86
		{A44982F7-B848-42B7-88D4-DDB853305245}.Debug|iPhone.Deploy.0 = Debug|x86
		{A44982F7-B848-42B7-88D4-DDB853305245}.Debug|iPhoneSimulator.ActiveCfg = Debug|x86
		{A44982F7-B848-42B7-88D4-DDB853305245}.Debug|iPhoneSimulator.Build.0 = Debug|x86
		{A44982F7-B848-42B7-88D4-DDB853305245}.Debug|iPhoneSimulator.Deploy.0 = Debug|x86
		{A44982F7-B848-42B7-88D4-DDB853305245}.Debug|x86.ActiveCfg = Debug|x86
		{A44982F7-B848-42B7-88D4-DDB853305245}.Debug|x86.Build.0 = Debug|x86
		{A44982F7-B848-42B7-88D4-DDB853305245}.Debug|x86.Deploy.0 = Debug|x86
		{A44982F7-B848-42B7-88D4-DDB853305245}.Release|Any CPU.ActiveCfg = Release|x86
		{A44982F7-B848-42B7-88D4-DDB853305245}.Release|Any CPU.Build.0 = Release|x86
		{A44982F7-B848-42B7-88D4-DDB853305245}.Release|Any CPU.Deploy.0 = Release|x86
		{A44982F7-B848-42B7-88D4-DDB853305245}.Release|ARM.ActiveCfg = Release|ARM
		{A44982F7-B848-42B7-88D4-DDB853305245}.Release|ARM.Build.0 = Release|ARM
		{A44982F7-B848-42B7-88D4-DDB853305245}.Release|ARM.Deploy.0 = Release|ARM
		{A44982F7-B848-42B7-88D4-DDB853305245}.Release|iPhone.ActiveCfg = Release|x86
		{A44982F7-B848-42B7-88D4-DDB853305245}.Release|iPhone.Build.0 = Release|x86
		{A44982F7-B848-42B7-88D4-DDB853305245}.Release|iPhone.Deploy.0 = Release|x86
		{A44982F7-B848-42B7-88D4-DDB853305245}.Release|iPhoneSimulator.ActiveCfg = Release|x86
		{A44982F7-B848-42B7-88D4-DDB853305245}.Release|iPhoneSimulator.Build.0 = Release|x86
		{A44982F7-B848-42B7-88D4-DDB853305245}.Release|iPhoneSimulator.Deploy.0 = Release|x86
		{A44982F7-B848-42B7-88D4-DDB853305245}.Release|x86.ActiveCfg = Release|x86
		{A44982F7-B848-42B7-88D4-DDB853305245}.Release|x86.Build.0 = Release|x86
		{A44982F7-B848-42B7-88D4-DDB853305245}.Release|x86.Deploy.0 = Release|x86
	EndGlobalSection
	GlobalSection(SolutionProperties) = preSolution
		HideSolutionNode = FALSE
	EndGlobalSection
EndGlobal
